Microsoft Visual Studio Solution File, Format Version 12.00
# Visual Studio Version 17
VisualStudioVersion = 17.5.2.0
MinimumVisualStudioVersion = 10.0.40219.1
Project("{FAE04EC0-301F-11D3-BF4B-00C04F79EFBC}") = "Papelaria.API", "API\Papelaria.API.csproj", "{F3E16D19-A598-0D35-F5E4-4E0BAE24236A}"
EndProject
Project("{FAE04EC0-301F-11D3-BF4B-00C04F79EFBC}") = "Domain", "Domain\Domain.csproj", "{E528BBC3-1C26-8C35-F682-23718816ADCD}"
EndProject
Global
	GlobalSection(SolutionConfigurationPlatforms) = preSolution
		Debug|Any CPU = Debug|Any CPU
		Release|Any CPU = Release|Any CPU
	EndGlobalSection
	GlobalSection(ProjectConfigurationPlatforms) = postSolution
		{F3E16D19-A598-0D35-F5E4-4E0BAE24236A}.Debug|Any CPU.ActiveCfg = Debug|Any CPU
		{F3E16D19-A598-0D35-F5E4-4E0BAE24236A}.Debug|Any CPU.Build.0 = Debug|Any CPU
		{F3E16D19-A598-0D35-F5E4-4E0BAE24236A}.Release|Any CPU.ActiveCfg = Release|Any CPU
		{F3E16D19-A598-0D35-F5E4-4E0BAE24236A}.Release|Any CPU.Build.0 = Release|Any CPU
		{E528BBC3-1C26-8C35-F682-23718816ADCD}.Debug|Any CPU.ActiveCfg = Debug|Any CPU
		{E528BBC3-1C26-8C35-F682-23718816ADCD}.Debug|Any CPU.Build.0 = Debug|Any CPU
		{E528BBC3-1C26-8C35-F682-23718816ADCD}.Release|Any CPU.ActiveCfg = Release|Any CPU
		{E528BBC3-1C26-8C35-F682-23718816ADCD}.Release|Any CPU.Build.0 = Release|Any CPU
	EndGlobalSection
	GlobalSection(SolutionProperties) = preSolution
		HideSolutionNode = FALSE
	EndGlobalSection
	GlobalSection(ExtensibilityGlobals) = postSolution
		SolutionGuid = {F35AE01B-9778-483F-B19F-0A2592BD9487}
	EndGlobalSection
EndGlobal
